
Microsoft Visual Studio Solution File, Format Version 12.00
# Visual Studio Version 16
VisualStudioVersion = 16.0.30621.155
MinimumVisualStudioVersion = 10.0.40219.1
Project("{2150E333-8FDC-42A3-9474-1A3956D46DE8}") = "Utility", "Utility", "{2D3E2CF2-A1FB-4388-B1A6-5A572717EBE9}"
EndProject
Project("{9A19103F-16F7-4668-BE54-9A1E7A4F7556}") = "Console.core", "Utility\Console\Console.core.csproj", "{479CB199-814F-48D4-81AE-F11633E22F38}"
EndProject
Project("{9A19103F-16F7-4668-BE54-9A1E7A4F7556}") = "Diagnostic.core", "Utility\Diagnostic\Diagnostic.core.csproj", "{3F7286C6-74D6-4FEF-B348-9A0054CD00EC}"
EndProject
Project("{FAE04EC0-301F-11D3-BF4B-00C04F79EFBC}") = "CConsole.dll", "Utility\CConsole\CConsole.dll.csproj", "{C97AA3A8-55B6-41FC-B0D5-D6ED0B3A8AB4}"
EndProject
Project("{FAE04EC0-301F-11D3-BF4B-00C04F79EFBC}") = "Configuration.dll", "Utility\Configuration\Configuration.dll.csproj", "{6A03F5EA-49B2-4151-85EA-1970C53EDE60}"
EndProject
Project("{FAE04EC0-301F-11D3-BF4B-00C04F79EFBC}") = "DAL.dll", "Utility\DAL\DAL.dll.csproj", "{35E9F02E-458C-4B48-A23C-A901BC0A624D}"
EndProject
Project("{FAE04EC0-301F-11D3-BF4B-00C04F79EFBC}") = "IO.dll", "Utility\IO\IO.dll.csproj", "{1217AE2A-E96C-46FA-8578-B2114DCF87B9}"
EndProject
Project("{9A19103F-16F7-4668-BE54-9A1E7A4F7556}") = "matrix", "Utility\Matrix\matrix.csproj", "{6B784064-6444-4BAA-9D24-3E008837A46D}"
EndProject
Project("{FAE04EC0-301F-11D3-BF4B-00C04F79EFBC}") = "Program.dll", "Utility\Program\Program.dll.csproj", "{22164979-8DD5-4ABF-9992-021AE74A38C5}"
EndProject
Project("{FAE04EC0-301F-11D3-BF4B-00C04F79EFBC}") = "Security.dll", "Utility\Security\Security.dll.csproj", "{1CEABB1F-D953-49A0-A8C0-AD4FB2350724}"
EndProject
Project("{FAE04EC0-301F-11D3-BF4B-00C04F79EFBC}") = "Task.dll", "Utility\Task\Task.dll.csproj", "{8C542AF6-367F-43D1-814D-8395D00AC05A}"
EndProject
Project("{FAE04EC0-301F-11D3-BF4B-00C04F79EFBC}") = "WindowsForms.dll", "Utility\WindowsForms\WindowsForms.dll.csproj", "{37DD8BB9-30E7-42A6-9502-5791B25F2061}"
EndProject
Global
	GlobalSection(SolutionConfigurationPlatforms) = preSolution
		Debug|Any CPU = Debug|Any CPU
		Release|Any CPU = Release|Any CPU
	EndGlobalSection
	GlobalSection(ProjectConfigurationPlatforms) = postSolution
		{479CB199-814F-48D4-81AE-F11633E22F38}.Debug|Any CPU.ActiveCfg = Debug|Any CPU
		{479CB199-814F-48D4-81AE-F11633E22F38}.Debug|Any CPU.Build.0 = Debug|Any CPU
		{479CB199-814F-48D4-81AE-F11633E22F38}.Release|Any CPU.ActiveCfg = Release|Any CPU
		{479CB199-814F-48D4-81AE-F11633E22F38}.Release|Any CPU.Build.0 = Release|Any CPU
		{3F7286C6-74D6-4FEF-B348-9A0054CD00EC}.Debug|Any CPU.ActiveCfg = Debug|Any CPU
		{3F7286C6-74D6-4FEF-B348-9A0054CD00EC}.Debug|Any CPU.Build.0 = Debug|Any CPU
		{3F7286C6-74D6-4FEF-B348-9A0054CD00EC}.Release|Any CPU.ActiveCfg = Release|Any CPU
		{3F7286C6-74D6-4FEF-B348-9A0054CD00EC}.Release|Any CPU.Build.0 = Release|Any CPU
		{C97AA3A8-55B6-41FC-B0D5-D6ED0B3A8AB4}.Debug|Any CPU.ActiveCfg = Debug|Any CPU
		{C97AA3A8-55B6-41FC-B0D5-D6ED0B3A8AB4}.Debug|Any CPU.Build.0 = Debug|Any CPU
		{C97AA3A8-55B6-41FC-B0D5-D6ED0B3A8AB4}.Release|Any CPU.ActiveCfg = Release|Any CPU
		{C97AA3A8-55B6-41FC-B0D5-D6ED0B3A8AB4}.Release|Any CPU.Build.0 = Release|Any CPU
		{6A03F5EA-49B2-4151-85EA-1970C53EDE60}.Debug|Any CPU.ActiveCfg = Debug|Any CPU
		{6A03F5EA-49B2-4151-85EA-1970C53EDE60}.Debug|Any CPU.Build.0 = Debug|Any CPU
		{6A03F5EA-49B2-4151-85EA-1970C53EDE60}.Release|Any CPU.ActiveCfg = Release|Any CPU
		{6A03F5EA-49B2-4151-85EA-1970C53EDE60}.Release|Any CPU.Build.0 = Release|Any CPU
		{35E9F02E-458C-4B48-A23C-A901BC0A624D}.Debug|Any CPU.ActiveCfg = Debug|Any CPU
		{35E9F02E-458C-4B48-A23C-A901BC0A624D}.Debug|Any CPU.Build.0 = Debug|Any CPU
		{35E9F02E-458C-4B48-A23C-A901BC0A624D}.Release|Any CPU.ActiveCfg = Release|Any CPU
		{35E9F02E-458C-4B48-A23C-A901BC0A624D}.Release|Any CPU.Build.0 = Release|Any CPU
		{1217AE2A-E96C-46FA-8578-B2114DCF87B9}.Debug|Any CPU.ActiveCfg = Debug|Any CPU
		{1217AE2A-E96C-46FA-8578-B2114DCF87B9}.Debug|Any CPU.Build.0 = Debug|Any CPU
		{1217AE2A-E96C-46FA-8578-B2114DCF87B9}.Release|Any CPU.ActiveCfg = Release|Any CPU
		{1217AE2A-E96C-46FA-8578-B2114DCF87B9}.Release|Any CPU.Build.0 = Release|Any CPU
		{6B784064-6444-4BAA-9D24-3E008837A46D}.Debug|Any CPU.ActiveCfg = Debug|Any CPU
		{6B784064-6444-4BAA-9D24-3E008837A46D}.Debug|Any CPU.Build.0 = Debug|Any CPU
		{6B784064-6444-4BAA-9D24-3E008837A46D}.Release|Any CPU.ActiveCfg = Release|Any CPU
		{6B784064-6444-4BAA-9D24-3E008837A46D}.Release|Any CPU.Build.0 = Release|Any CPU
		{22164979-8DD5-4ABF-9992-021AE74A38C5}.Debug|Any CPU.ActiveCfg = Debug|Any CPU
		{22164979-8DD5-4ABF-9992-021AE74A38C5}.Debug|Any CPU.Build.0 = Debug|Any CPU
		{22164979-8DD5-4ABF-9992-021AE74A38C5}.Release|Any CPU.ActiveCfg = Release|Any CPU
		{22164979-8DD5-4ABF-9992-021AE74A38C5}.Release|Any CPU.Build.0 = Release|Any CPU
		{1CEABB1F-D953-49A0-A8C0-AD4FB2350724}.Debug|Any CPU.ActiveCfg = Debug|Any CPU
		{1CEABB1F-D953-49A0-A8C0-AD4FB2350724}.Debug|Any CPU.Build.0 = Debug|Any CPU
		{1CEABB1F-D953-49A0-A8C0-AD4FB2350724}.Release|Any CPU.ActiveCfg = Release|Any CPU
		{1CEABB1F-D953-49A0-A8C0-AD4FB2350724}.Release|Any CPU.Build.0 = Release|Any CPU
		{8C542AF6-367F-43D1-814D-8395D00AC05A}.Debug|Any CPU.ActiveCfg = Debug|Any CPU
		{8C542AF6-367F-43D1-814D-8395D00AC05A}.Debug|Any CPU.Build.0 = Debug|Any CPU
		{8C542AF6-367F-43D1-814D-8395D00AC05A}.Release|Any CPU.ActiveCfg = Release|Any CPU
		{8C542AF6-367F-43D1-814D-8395D00AC05A}.Release|Any CPU.Build.0 = Release|Any CPU
		{37DD8BB9-30E7-42A6-9502-5791B25F2061}.Debug|Any CPU.ActiveCfg = Debug|Any CPU
		{37DD8BB9-30E7-42A6-9502-5791B25F2061}.Debug|Any CPU.Build.0 = Debug|Any CPU
		{37DD8BB9-30E7-42A6-9502-5791B25F2061}.Release|Any CPU.ActiveCfg = Release|Any CPU
		{37DD8BB9-30E7-42A6-9502-5791B25F2061}.Release|Any CPU.Build.0 = Release|Any CPU
	EndGlobalSection
	GlobalSection(SolutionProperties) = preSolution
		HideSolutionNode = FALSE
	EndGlobalSection
	GlobalSection(NestedProjects) = preSolution
		{479CB199-814F-48D4-81AE-F11633E22F38} = {2D3E2CF2-A1FB-4388-B1A6-5A572717EBE9}
		{3F7286C6-74D6-4FEF-B348-9A0054CD00EC} = {2D3E2CF2-A1FB-4388-B1A6-5A572717EBE9}
		{C97AA3A8-55B6-41FC-B0D5-D6ED0B3A8AB4} = {2D3E2CF2-A1FB-4388-B1A6-5A572717EBE9}
		{6A03F5EA-49B2-4151-85EA-1970C53EDE60} = {2D3E2CF2-A1FB-4388-B1A6-5A572717EBE9}
		{35E9F02E-458C-4B48-A23C-A901BC0A624D} = {2D3E2CF2-A1FB-4388-B1A6-5A572717EBE9}
		{1217AE2A-E96C-46FA-8578-B2114DCF87B9} = {2D3E2CF2-A1FB-4388-B1A6-5A572717EBE9}
		{6B784064-6444-4BAA-9D24-3E008837A46D} = {2D3E2CF2-A1FB-4388-B1A6-5A572717EBE9}
		{22164979-8DD5-4ABF-9992-021AE74A38C5} = {2D3E2CF2-A1FB-4388-B1A6-5A572717EBE9}
		{1CEABB1F-D953-49A0-A8C0-AD4FB2350724} = {2D3E2CF2-A1FB-4388-B1A6-5A572717EBE9}
		{8C542AF6-367F-43D1-814D-8395D00AC05A} = {2D3E2CF2-A1FB-4388-B1A6-5A572717EBE9}
		{37DD8BB9-30E7-42A6-9502-5791B25F2061} = {2D3E2CF2-A1FB-4388-B1A6-5A572717EBE9}
	EndGlobalSection
	GlobalSection(ExtensibilityGlobals) = postSolution
		SolutionGuid = {7A11AAFF-44AA-44D8-B63B-829B374BA004}
	EndGlobalSection
EndGlobal
