
Microsoft Visual Studio Solution File, Format Version 12.00
# Visual Studio 15
VisualStudioVersion = 15.0.27130.2010
MinimumVisualStudioVersion = 10.0.40219.1
Project("{FAE04EC0-301F-11D3-BF4B-00C04F79EFBC}") = "Console.dll", "Utility\Console\Console.dll.csproj", "{C97AA3A8-55B6-41FC-B0D5-D6ED0B3A8AB4}"
EndProject
Project("{FAE04EC0-301F-11D3-BF4B-00C04F79EFBC}") = "Diagnostic.dll", "Utility\Diagnostic\Diagnostic.dll.csproj", "{17B7D5D6-1DD9-42C2-9708-F8C8BBB68525}"
EndProject
Project("{2150E333-8FDC-42A3-9474-1A3956D46DE8}") = "Utility", "Utility", "{31F8B76B-E3A5-43D4-A5B0-D7DD94008268}"
EndProject
Project("{FAE04EC0-301F-11D3-BF4B-00C04F79EFBC}") = "Configuration.dll", "Utility\Configuration\Configuration.dll.csproj", "{6A03F5EA-49B2-4151-85EA-1970C53EDE60}"
EndProject
Project("{FAE04EC0-301F-11D3-BF4B-00C04F79EFBC}") = "DAL.dll", "Utility\DAL\DAL.dll.csproj", "{35E9F02E-458C-4B48-A23C-A901BC0A624D}"
EndProject
Project("{FAE04EC0-301F-11D3-BF4B-00C04F79EFBC}") = "IO.dll", "Utility\IO\IO.dll.csproj", "{1217AE2A-E96C-46FA-8578-B2114DCF87B9}"
EndProject
Project("{FAE04EC0-301F-11D3-BF4B-00C04F79EFBC}") = "Program.dll", "Utility\Program\Program.dll.csproj", "{22164979-8DD5-4ABF-9992-021AE74A38C5}"
EndProject
Project("{FAE04EC0-301F-11D3-BF4B-00C04F79EFBC}") = "Security.dll", "Utility\Security\Security.dll.csproj", "{1CEABB1F-D953-49A0-A8C0-AD4FB2350724}"
EndProject
Project("{FAE04EC0-301F-11D3-BF4B-00C04F79EFBC}") = "Task.dll", "Utility\Task\Task.dll.csproj", "{8C542AF6-367F-43D1-814D-8395D00AC05A}"
EndProject
Global
	GlobalSection(SolutionConfigurationPlatforms) = preSolution
		Debug|Any CPU = Debug|Any CPU
		Debug|x64 = Debug|x64
		Debug|x86 = Debug|x86
		Release|Any CPU = Release|Any CPU
		Release|x64 = Release|x64
		Release|x86 = Release|x86
	EndGlobalSection
	GlobalSection(ProjectConfigurationPlatforms) = postSolution
		{C97AA3A8-55B6-41FC-B0D5-D6ED0B3A8AB4}.Debug|Any CPU.ActiveCfg = Debug|Any CPU
		{C97AA3A8-55B6-41FC-B0D5-D6ED0B3A8AB4}.Debug|Any CPU.Build.0 = Debug|Any CPU
		{C97AA3A8-55B6-41FC-B0D5-D6ED0B3A8AB4}.Debug|x64.ActiveCfg = Debug|Any CPU
		{C97AA3A8-55B6-41FC-B0D5-D6ED0B3A8AB4}.Debug|x64.Build.0 = Debug|Any CPU
		{C97AA3A8-55B6-41FC-B0D5-D6ED0B3A8AB4}.Debug|x86.ActiveCfg = Debug|Any CPU
		{C97AA3A8-55B6-41FC-B0D5-D6ED0B3A8AB4}.Debug|x86.Build.0 = Debug|Any CPU
		{C97AA3A8-55B6-41FC-B0D5-D6ED0B3A8AB4}.Release|Any CPU.ActiveCfg = Release|Any CPU
		{C97AA3A8-55B6-41FC-B0D5-D6ED0B3A8AB4}.Release|Any CPU.Build.0 = Release|Any CPU
		{C97AA3A8-55B6-41FC-B0D5-D6ED0B3A8AB4}.Release|x64.ActiveCfg = Release|Any CPU
		{C97AA3A8-55B6-41FC-B0D5-D6ED0B3A8AB4}.Release|x64.Build.0 = Release|Any CPU
		{C97AA3A8-55B6-41FC-B0D5-D6ED0B3A8AB4}.Release|x86.ActiveCfg = Release|Any CPU
		{C97AA3A8-55B6-41FC-B0D5-D6ED0B3A8AB4}.Release|x86.Build.0 = Release|Any CPU
		{17B7D5D6-1DD9-42C2-9708-F8C8BBB68525}.Debug|Any CPU.ActiveCfg = Debug|Any CPU
		{17B7D5D6-1DD9-42C2-9708-F8C8BBB68525}.Debug|Any CPU.Build.0 = Debug|Any CPU
		{17B7D5D6-1DD9-42C2-9708-F8C8BBB68525}.Debug|x64.ActiveCfg = Debug|Any CPU
		{17B7D5D6-1DD9-42C2-9708-F8C8BBB68525}.Debug|x64.Build.0 = Debug|Any CPU
		{17B7D5D6-1DD9-42C2-9708-F8C8BBB68525}.Debug|x86.ActiveCfg = Debug|Any CPU
		{17B7D5D6-1DD9-42C2-9708-F8C8BBB68525}.Debug|x86.Build.0 = Debug|Any CPU
		{17B7D5D6-1DD9-42C2-9708-F8C8BBB68525}.Release|Any CPU.ActiveCfg = Release|Any CPU
		{17B7D5D6-1DD9-42C2-9708-F8C8BBB68525}.Release|Any CPU.Build.0 = Release|Any CPU
		{17B7D5D6-1DD9-42C2-9708-F8C8BBB68525}.Release|x64.ActiveCfg = Release|Any CPU
		{17B7D5D6-1DD9-42C2-9708-F8C8BBB68525}.Release|x64.Build.0 = Release|Any CPU
		{17B7D5D6-1DD9-42C2-9708-F8C8BBB68525}.Release|x86.ActiveCfg = Release|Any CPU
		{17B7D5D6-1DD9-42C2-9708-F8C8BBB68525}.Release|x86.Build.0 = Release|Any CPU
		{6A03F5EA-49B2-4151-85EA-1970C53EDE60}.Debug|Any CPU.ActiveCfg = Debug|Any CPU
		{6A03F5EA-49B2-4151-85EA-1970C53EDE60}.Debug|Any CPU.Build.0 = Debug|Any CPU
		{6A03F5EA-49B2-4151-85EA-1970C53EDE60}.Debug|x64.ActiveCfg = Debug|Any CPU
		{6A03F5EA-49B2-4151-85EA-1970C53EDE60}.Debug|x64.Build.0 = Debug|Any CPU
		{6A03F5EA-49B2-4151-85EA-1970C53EDE60}.Debug|x86.ActiveCfg = Debug|Any CPU
		{6A03F5EA-49B2-4151-85EA-1970C53EDE60}.Debug|x86.Build.0 = Debug|Any CPU
		{6A03F5EA-49B2-4151-85EA-1970C53EDE60}.Release|Any CPU.ActiveCfg = Release|Any CPU
		{6A03F5EA-49B2-4151-85EA-1970C53EDE60}.Release|Any CPU.Build.0 = Release|Any CPU
		{6A03F5EA-49B2-4151-85EA-1970C53EDE60}.Release|x64.ActiveCfg = Release|Any CPU
		{6A03F5EA-49B2-4151-85EA-1970C53EDE60}.Release|x64.Build.0 = Release|Any CPU
		{6A03F5EA-49B2-4151-85EA-1970C53EDE60}.Release|x86.ActiveCfg = Release|Any CPU
		{6A03F5EA-49B2-4151-85EA-1970C53EDE60}.Release|x86.Build.0 = Release|Any CPU
		{35E9F02E-458C-4B48-A23C-A901BC0A624D}.Debug|Any CPU.ActiveCfg = Debug|Any CPU
		{35E9F02E-458C-4B48-A23C-A901BC0A624D}.Debug|Any CPU.Build.0 = Debug|Any CPU
		{35E9F02E-458C-4B48-A23C-A901BC0A624D}.Debug|x64.ActiveCfg = Debug|x64
		{35E9F02E-458C-4B48-A23C-A901BC0A624D}.Debug|x64.Build.0 = Debug|x64
		{35E9F02E-458C-4B48-A23C-A901BC0A624D}.Debug|x86.ActiveCfg = Debug|x86
		{35E9F02E-458C-4B48-A23C-A901BC0A624D}.Debug|x86.Build.0 = Debug|x86
		{35E9F02E-458C-4B48-A23C-A901BC0A624D}.Release|Any CPU.ActiveCfg = Release|Any CPU
		{35E9F02E-458C-4B48-A23C-A901BC0A624D}.Release|Any CPU.Build.0 = Release|Any CPU
		{35E9F02E-458C-4B48-A23C-A901BC0A624D}.Release|x64.ActiveCfg = Release|x64
		{35E9F02E-458C-4B48-A23C-A901BC0A624D}.Release|x64.Build.0 = Release|x64
		{35E9F02E-458C-4B48-A23C-A901BC0A624D}.Release|x86.ActiveCfg = Release|x86
		{35E9F02E-458C-4B48-A23C-A901BC0A624D}.Release|x86.Build.0 = Release|x86
		{1217AE2A-E96C-46FA-8578-B2114DCF87B9}.Debug|Any CPU.ActiveCfg = Debug|Any CPU
		{1217AE2A-E96C-46FA-8578-B2114DCF87B9}.Debug|Any CPU.Build.0 = Debug|Any CPU
		{1217AE2A-E96C-46FA-8578-B2114DCF87B9}.Debug|x64.ActiveCfg = Debug|Any CPU
		{1217AE2A-E96C-46FA-8578-B2114DCF87B9}.Debug|x64.Build.0 = Debug|Any CPU
		{1217AE2A-E96C-46FA-8578-B2114DCF87B9}.Debug|x86.ActiveCfg = Debug|Any CPU
		{1217AE2A-E96C-46FA-8578-B2114DCF87B9}.Debug|x86.Build.0 = Debug|Any CPU
		{1217AE2A-E96C-46FA-8578-B2114DCF87B9}.Release|Any CPU.ActiveCfg = Release|Any CPU
		{1217AE2A-E96C-46FA-8578-B2114DCF87B9}.Release|Any CPU.Build.0 = Release|Any CPU
		{1217AE2A-E96C-46FA-8578-B2114DCF87B9}.Release|x64.ActiveCfg = Release|Any CPU
		{1217AE2A-E96C-46FA-8578-B2114DCF87B9}.Release|x64.Build.0 = Release|Any CPU
		{1217AE2A-E96C-46FA-8578-B2114DCF87B9}.Release|x86.ActiveCfg = Release|Any CPU
		{1217AE2A-E96C-46FA-8578-B2114DCF87B9}.Release|x86.Build.0 = Release|Any CPU
		{22164979-8DD5-4ABF-9992-021AE74A38C5}.Debug|Any CPU.ActiveCfg = Debug|Any CPU
		{22164979-8DD5-4ABF-9992-021AE74A38C5}.Debug|Any CPU.Build.0 = Debug|Any CPU
		{22164979-8DD5-4ABF-9992-021AE74A38C5}.Debug|x64.ActiveCfg = Debug|x64
		{22164979-8DD5-4ABF-9992-021AE74A38C5}.Debug|x64.Build.0 = Debug|x64
		{22164979-8DD5-4ABF-9992-021AE74A38C5}.Debug|x86.ActiveCfg = Debug|x86
		{22164979-8DD5-4ABF-9992-021AE74A38C5}.Debug|x86.Build.0 = Debug|x86
		{22164979-8DD5-4ABF-9992-021AE74A38C5}.Release|Any CPU.ActiveCfg = Release|Any CPU
		{22164979-8DD5-4ABF-9992-021AE74A38C5}.Release|Any CPU.Build.0 = Release|Any CPU
		{22164979-8DD5-4ABF-9992-021AE74A38C5}.Release|x64.ActiveCfg = Release|x64
		{22164979-8DD5-4ABF-9992-021AE74A38C5}.Release|x64.Build.0 = Release|x64
		{22164979-8DD5-4ABF-9992-021AE74A38C5}.Release|x86.ActiveCfg = Release|x86
		{22164979-8DD5-4ABF-9992-021AE74A38C5}.Release|x86.Build.0 = Release|x86
		{1CEABB1F-D953-49A0-A8C0-AD4FB2350724}.Debug|Any CPU.ActiveCfg = Debug|Any CPU
		{1CEABB1F-D953-49A0-A8C0-AD4FB2350724}.Debug|Any CPU.Build.0 = Debug|Any CPU
		{1CEABB1F-D953-49A0-A8C0-AD4FB2350724}.Debug|x64.ActiveCfg = Debug|Any CPU
		{1CEABB1F-D953-49A0-A8C0-AD4FB2350724}.Debug|x64.Build.0 = Debug|Any CPU
		{1CEABB1F-D953-49A0-A8C0-AD4FB2350724}.Debug|x86.ActiveCfg = Debug|Any CPU
		{1CEABB1F-D953-49A0-A8C0-AD4FB2350724}.Debug|x86.Build.0 = Debug|Any CPU
		{1CEABB1F-D953-49A0-A8C0-AD4FB2350724}.Release|Any CPU.ActiveCfg = Release|Any CPU
		{1CEABB1F-D953-49A0-A8C0-AD4FB2350724}.Release|Any CPU.Build.0 = Release|Any CPU
		{1CEABB1F-D953-49A0-A8C0-AD4FB2350724}.Release|x64.ActiveCfg = Release|Any CPU
		{1CEABB1F-D953-49A0-A8C0-AD4FB2350724}.Release|x64.Build.0 = Release|Any CPU
		{1CEABB1F-D953-49A0-A8C0-AD4FB2350724}.Release|x86.ActiveCfg = Release|Any CPU
		{1CEABB1F-D953-49A0-A8C0-AD4FB2350724}.Release|x86.Build.0 = Release|Any CPU
		{8C542AF6-367F-43D1-814D-8395D00AC05A}.Debug|Any CPU.ActiveCfg = Debug|Any CPU
		{8C542AF6-367F-43D1-814D-8395D00AC05A}.Debug|Any CPU.Build.0 = Debug|Any CPU
		{8C542AF6-367F-43D1-814D-8395D00AC05A}.Debug|x64.ActiveCfg = Debug|Any CPU
		{8C542AF6-367F-43D1-814D-8395D00AC05A}.Debug|x64.Build.0 = Debug|Any CPU
		{8C542AF6-367F-43D1-814D-8395D00AC05A}.Debug|x86.ActiveCfg = Debug|Any CPU
		{8C542AF6-367F-43D1-814D-8395D00AC05A}.Debug|x86.Build.0 = Debug|Any CPU
		{8C542AF6-367F-43D1-814D-8395D00AC05A}.Release|Any CPU.ActiveCfg = Release|Any CPU
		{8C542AF6-367F-43D1-814D-8395D00AC05A}.Release|Any CPU.Build.0 = Release|Any CPU
		{8C542AF6-367F-43D1-814D-8395D00AC05A}.Release|x64.ActiveCfg = Release|Any CPU
		{8C542AF6-367F-43D1-814D-8395D00AC05A}.Release|x64.Build.0 = Release|Any CPU
		{8C542AF6-367F-43D1-814D-8395D00AC05A}.Release|x86.ActiveCfg = Release|Any CPU
		{8C542AF6-367F-43D1-814D-8395D00AC05A}.Release|x86.Build.0 = Release|Any CPU
	EndGlobalSection
	GlobalSection(SolutionProperties) = preSolution
		HideSolutionNode = FALSE
	EndGlobalSection
	GlobalSection(NestedProjects) = preSolution
		{C97AA3A8-55B6-41FC-B0D5-D6ED0B3A8AB4} = {31F8B76B-E3A5-43D4-A5B0-D7DD94008268}
		{17B7D5D6-1DD9-42C2-9708-F8C8BBB68525} = {31F8B76B-E3A5-43D4-A5B0-D7DD94008268}
		{6A03F5EA-49B2-4151-85EA-1970C53EDE60} = {31F8B76B-E3A5-43D4-A5B0-D7DD94008268}
		{35E9F02E-458C-4B48-A23C-A901BC0A624D} = {31F8B76B-E3A5-43D4-A5B0-D7DD94008268}
		{1217AE2A-E96C-46FA-8578-B2114DCF87B9} = {31F8B76B-E3A5-43D4-A5B0-D7DD94008268}
		{22164979-8DD5-4ABF-9992-021AE74A38C5} = {31F8B76B-E3A5-43D4-A5B0-D7DD94008268}
		{1CEABB1F-D953-49A0-A8C0-AD4FB2350724} = {31F8B76B-E3A5-43D4-A5B0-D7DD94008268}
		{8C542AF6-367F-43D1-814D-8395D00AC05A} = {31F8B76B-E3A5-43D4-A5B0-D7DD94008268}
	EndGlobalSection
	GlobalSection(ExtensibilityGlobals) = postSolution
		SolutionGuid = {AC90A10C-9679-4D89-8445-24D6DE42A3D9}
	EndGlobalSection
EndGlobal
