
Microsoft Visual Studio Solution File, Format Version 12.00
# Visual Studio 15
VisualStudioVersion = 15.0.27130.2027
MinimumVisualStudioVersion = 10.0.40219.1
Project("{9A19103F-16F7-4668-BE54-9A1E7A4F7556}") = "Console.dll", "Utility\Console\Console.dll.csproj", "{BD3833E0-E625-486A-86C8-2DFC92DA2D39}"
EndProject
Project("{9A19103F-16F7-4668-BE54-9A1E7A4F7556}") = "Diagnostic.dll", "Utility\Diagnostic\Diagnostic.dll.csproj", "{FECBA120-01EF-4493-8F44-FAEF9F0B2B98}"
EndProject
Project("{2150E333-8FDC-42A3-9474-1A3956D46DE8}") = "Utility", "Utility", "{2D3E2CF2-A1FB-4388-B1A6-5A572717EBE9}"
EndProject
Global
	GlobalSection(SolutionConfigurationPlatforms) = preSolution
		Debug|Any CPU = Debug|Any CPU
		Release|Any CPU = Release|Any CPU
	EndGlobalSection
	GlobalSection(ProjectConfigurationPlatforms) = postSolution
		{BD3833E0-E625-486A-86C8-2DFC92DA2D39}.Debug|Any CPU.ActiveCfg = Debug|Any CPU
		{BD3833E0-E625-486A-86C8-2DFC92DA2D39}.Debug|Any CPU.Build.0 = Debug|Any CPU
		{BD3833E0-E625-486A-86C8-2DFC92DA2D39}.Release|Any CPU.ActiveCfg = Release|Any CPU
		{BD3833E0-E625-486A-86C8-2DFC92DA2D39}.Release|Any CPU.Build.0 = Release|Any CPU
		{FECBA120-01EF-4493-8F44-FAEF9F0B2B98}.Debug|Any CPU.ActiveCfg = Debug|Any CPU
		{FECBA120-01EF-4493-8F44-FAEF9F0B2B98}.Debug|Any CPU.Build.0 = Debug|Any CPU
		{FECBA120-01EF-4493-8F44-FAEF9F0B2B98}.Release|Any CPU.ActiveCfg = Release|Any CPU
		{FECBA120-01EF-4493-8F44-FAEF9F0B2B98}.Release|Any CPU.Build.0 = Release|Any CPU
	EndGlobalSection
	GlobalSection(SolutionProperties) = preSolution
		HideSolutionNode = FALSE
	EndGlobalSection
	GlobalSection(NestedProjects) = preSolution
		{BD3833E0-E625-486A-86C8-2DFC92DA2D39} = {2D3E2CF2-A1FB-4388-B1A6-5A572717EBE9}
		{FECBA120-01EF-4493-8F44-FAEF9F0B2B98} = {2D3E2CF2-A1FB-4388-B1A6-5A572717EBE9}
	EndGlobalSection
	GlobalSection(ExtensibilityGlobals) = postSolution
		SolutionGuid = {7A11AAFF-44AA-44D8-B63B-829B374BA004}
	EndGlobalSection
EndGlobal
